PODS:
  - Flutter (1.0.0)
  - flutter_live_plugin (0.0.1):
    - Flutter
    - LFLiveKit
  - LFLiveKit (2.6)

DEPENDENCIES:
  - Flutter (from `Flutter`)
  - flutter_live_plugin (from `.symlinks/plugins/flutter_live_plugin/ios`)

SPEC REPOS:
  trunk:
    - LFLiveKit

EXTERNAL SOURCES:
  Flutter:
    :path: Flutter
  flutter_live_plugin:
    :path: ".symlinks/plugins/flutter_live_plugin/ios"

SPEC CHECKSUMS:
  Flutter: 0e3d915762c693b495b44d77113d4970485de6ec
  flutter_live_plugin: 654321d6ad1a4f7f8cdd6a25c07e4a7e65b314ea
  LFLiveKit: 2219563721f8aa0f188effc3395a06e2d53b23f2

PODFILE CHECKSUM: f32fb4e7c14f8b3ca19a369d7be425dd9241af27

COCOAPODS: 1.9.1
